
Microsoft Visual Studio Solution File, Format Version 12.00
# Visual Studio 15
Project("{FAE04EC0-301F-11D3-BF4B-00C04F79EFBC}") = "Assembly-CSharp", "Assembly-CSharp.csproj", "{5805E78D-48A0-6440-8327-DDD37FCA32F2}"
EndProject
Project("{FAE04EC0-301F-11D3-BF4B-00C04F79EFBC}") = "Assembly-CSharp-Editor", "Assembly-CSharp-Editor.csproj", "{ABA698E2-FAD1-500B-8854-FF402E7A0252}"
EndProject
Global
	GlobalSection(SolutionConfigurationPlatforms) = preSolution
		Debug|Any CPU = Debug|Any CPU
		Release|Any CPU = Release|Any CPU
	EndGlobalSection
	GlobalSection(ProjectConfigurationPlatforms) = postSolution
		{5805E78D-48A0-6440-8327-DDD37FCA32F2}.Debug|Any CPU.ActiveCfg = Debug|Any CPU
		{5805E78D-48A0-6440-8327-DDD37FCA32F2}.Debug|Any CPU.Build.0 = Debug|Any CPU
		{5805E78D-48A0-6440-8327-DDD37FCA32F2}.Release|Any CPU.ActiveCfg = Release|Any CPU
		{5805E78D-48A0-6440-8327-DDD37FCA32F2}.Release|Any CPU.Build.0 = Release|Any CPU
		{ABA698E2-FAD1-500B-8854-FF402E7A0252}.Debug|Any CPU.ActiveCfg = Debug|Any CPU
		{ABA698E2-FAD1-500B-8854-FF402E7A0252}.Debug|Any CPU.Build.0 = Debug|Any CPU
		{ABA698E2-FAD1-500B-8854-FF402E7A0252}.Release|Any CPU.ActiveCfg = Release|Any CPU
		{ABA698E2-FAD1-500B-8854-FF402E7A0252}.Release|Any CPU.Build.0 = Release|Any CPU
	EndGlobalSection
	GlobalSection(SolutionProperties) = preSolution
		HideSolutionNode = FALSE
	EndGlobalSection
EndGlobal
